
Microsoft Visual Studio Solution File, Format Version 12.00
# Visual Studio Version 16
VisualStudioVersion = 16.0.31019.35
MinimumVisualStudioVersion = 10.0.40219.1
Project("{9A19103F-16F7-4668-BE54-9A1E7A4F7556}") = "MSPR3.Tests", "MSPR3.Tests\MSPR3.Tests.csproj", "{58BB8865-B79A-40D8-8FF1-728C29D82994}"
EndProject
Project("{9A19103F-16F7-4668-BE54-9A1E7A4F7556}") = "MSPR3.App", "MSPR3.App\MSPR3.App.csproj", "{095E8934-151E-4EE3-99AF-1E32B29C5C10}"
EndProject
Project("{FAE04EC0-301F-11D3-BF4B-00C04F79EFBC}") = "MSPR3.IHMTest", "MSPR3.IHMTest\MSPR3.IHMTest.csproj", "{CDEF835A-2987-4F72-AC8E-F9B1F7FAA9C6}"
EndProject
Global
	GlobalSection(SolutionConfigurationPlatforms) = preSolution
		Debug|Any CPU = Debug|Any CPU
		Release|Any CPU = Release|Any CPU
	EndGlobalSection
	GlobalSection(ProjectConfigurationPlatforms) = postSolution
		{58BB8865-B79A-40D8-8FF1-728C29D82994}.Debug|Any CPU.ActiveCfg = Debug|Any CPU
		{58BB8865-B79A-40D8-8FF1-728C29D82994}.Debug|Any CPU.Build.0 = Debug|Any CPU
		{58BB8865-B79A-40D8-8FF1-728C29D82994}.Release|Any CPU.ActiveCfg = Release|Any CPU
		{58BB8865-B79A-40D8-8FF1-728C29D82994}.Release|Any CPU.Build.0 = Release|Any CPU
		{095E8934-151E-4EE3-99AF-1E32B29C5C10}.Debug|Any CPU.ActiveCfg = Debug|Any CPU
		{095E8934-151E-4EE3-99AF-1E32B29C5C10}.Debug|Any CPU.Build.0 = Debug|Any CPU
		{095E8934-151E-4EE3-99AF-1E32B29C5C10}.Release|Any CPU.ActiveCfg = Release|Any CPU
		{095E8934-151E-4EE3-99AF-1E32B29C5C10}.Release|Any CPU.Build.0 = Release|Any CPU
		{CDEF835A-2987-4F72-AC8E-F9B1F7FAA9C6}.Debug|Any CPU.ActiveCfg = Debug|Any CPU
		{CDEF835A-2987-4F72-AC8E-F9B1F7FAA9C6}.Debug|Any CPU.Build.0 = Debug|Any CPU
		{CDEF835A-2987-4F72-AC8E-F9B1F7FAA9C6}.Release|Any CPU.ActiveCfg = Release|Any CPU
		{CDEF835A-2987-4F72-AC8E-F9B1F7FAA9C6}.Release|Any CPU.Build.0 = Release|Any CPU
	EndGlobalSection
	GlobalSection(SolutionProperties) = preSolution
		HideSolutionNode = FALSE
	EndGlobalSection
	GlobalSection(ExtensibilityGlobals) = postSolution
		SolutionGuid = {ACF60C5C-5934-4849-856E-EC5421BFF28A}
	EndGlobalSection
EndGlobal
